
Microsoft Visual Studio Solution File, Format Version 12.00
# Visual Studio Version 17
VisualStudioVersion = 17.14.37411.7
MinimumVisualStudioVersion = 10.0.40219.1
Project("{FAE04EC0-301F-11D3-BF4B-00C04F79EFBC}") = "Api", "groundplotter.Api\Api.csproj", "{52F71B94-11BD-4449-AEB4-F1A32F993998}"
EndProject
Project("{FAE04EC0-301F-11D3-BF4B-00C04F79EFBC}") = "Core", "Core\Core.csproj", "{C6A874BC-E2BD-4A22-B846-0C5BA73957FA}"
EndProject
Project("{FAE04EC0-301F-11D3-BF4B-00C04F79EFBC}") = "Infrastructure", "Infrastructure\Infrastructure.csproj", "{45C8B9DA-8894-4673-A1E2-848A5B1FEAB9}"
EndProject
Project("{FAE04EC0-301F-11D3-BF4B-00C04F79EFBC}") = "Application", "Application\Application.csproj", "{97B7B7AF-4775-496D-B92B-59044F332E50}"
EndProject
Global
	GlobalSection(SolutionConfigurationPlatforms) = preSolution
		Debug|Any CPU = Debug|Any CPU
		Release|Any CPU = Release|Any CPU
	EndGlobalSection
	GlobalSection(ProjectConfigurationPlatforms) = postSolution
		{52F71B94-11BD-4449-AEB4-F1A32F993998}.Debug|Any CPU.ActiveCfg = Debug|Any CPU
		{52F71B94-11BD-4449-AEB4-F1A32F993998}.Debug|Any CPU.Build.0 = Debug|Any CPU
		{52F71B94-11BD-4449-AEB4-F1A32F993998}.Release|Any CPU.ActiveCfg = Release|Any CPU
		{52F71B94-11BD-4449-AEB4-F1A32F993998}.Release|Any CPU.Build.0 = Release|Any CPU
		{C6A874BC-E2BD-4A22-B846-0C5BA73957FA}.Debug|Any CPU.ActiveCfg = Debug|Any CPU
		{C6A874BC-E2BD-4A22-B846-0C5BA73957FA}.Debug|Any CPU.Build.0 = Debug|Any CPU
		{C6A874BC-E2BD-4A22-B846-0C5BA73957FA}.Release|Any CPU.ActiveCfg = Release|Any CPU
		{C6A874BC-E2BD-4A22-B846-0C5BA73957FA}.Release|Any CPU.Build.0 = Release|Any CPU
		{45C8B9DA-8894-4673-A1E2-848A5B1FEAB9}.Debug|Any CPU.ActiveCfg = Debug|Any CPU
		{45C8B9DA-8894-4673-A1E2-848A5B1FEAB9}.Debug|Any CPU.Build.0 = Debug|Any CPU
		{45C8B9DA-8894-4673-A1E2-848A5B1FEAB9}.Release|Any CPU.ActiveCfg = Release|Any CPU
		{45C8B9DA-8894-4673-A1E2-848A5B1FEAB9}.Release|Any CPU.Build.0 = Release|Any CPU
		{97B7B7AF-4775-496D-B92B-59044F332E50}.Debug|Any CPU.ActiveCfg = Debug|Any CPU
		{97B7B7AF-4775-496D-B92B-59044F332E50}.Debug|Any CPU.Build.0 = Debug|Any CPU
		{97B7B7AF-4775-496D-B92B-59044F332E50}.Release|Any CPU.ActiveCfg = Release|Any CPU
		{97B7B7AF-4775-496D-B92B-59044F332E50}.Release|Any CPU.Build.0 = Release|Any CPU
	EndGlobalSection
	GlobalSection(SolutionProperties) = preSolution
		HideSolutionNode = FALSE
	EndGlobalSection
	GlobalSection(ExtensibilityGlobals) = postSolution
		SolutionGuid = {BF2BE0FA-C278-47C6-AC8D-DA588F1D5CEA}
	EndGlobalSection
EndGlobal
